
Microsoft Visual Studio Solution File, Format Version 12.00
# Visual Studio Version 16
VisualStudioVersion = 16.0.31025.194
MinimumVisualStudioVersion = 10.0.40219.1
Project("{FAE04EC0-301F-11D3-BF4B-00C04F79EFBC}") = "KampDevam", "KampDevam\KampDevam.csproj", "{7DCE55A1-E628-4CA8-961D-0D797A7A3019}"
EndProject
Global
	GlobalSection(SolutionConfigurationPlatforms) = preSolution
		Debug|Any CPU = Debug|Any CPU
		Release|Any CPU = Release|Any CPU
	EndGlobalSection
	GlobalSection(ProjectConfigurationPlatforms) = postSolution
		{7DCE55A1-E628-4CA8-961D-0D797A7A3019}.Debug|Any CPU.ActiveCfg = Debug|Any CPU
		{7DCE55A1-E628-4CA8-961D-0D797A7A3019}.Debug|Any CPU.Build.0 = Debug|Any CPU
		{7DCE55A1-E628-4CA8-961D-0D797A7A3019}.Release|Any CPU.ActiveCfg = Release|Any CPU
		{7DCE55A1-E628-4CA8-961D-0D797A7A3019}.Release|Any CPU.Build.0 = Release|Any CPU
	EndGlobalSection
	GlobalSection(SolutionProperties) = preSolution
		HideSolutionNode = FALSE
	EndGlobalSection
	GlobalSection(ExtensibilityGlobals) = postSolution
		SolutionGuid = {F4317B05-324D-41C1-B1A1-51F75634552B}
	EndGlobalSection
EndGlobal
